
Microsoft Visual Studio Solution File, Format Version 12.00
# Visual Studio Version 16
VisualStudioVersion = 16.0.31515.178
MinimumVisualStudioVersion = 10.0.40219.1
Project("{FAE04EC0-301F-11D3-BF4B-00C04F79EFBC}") = "InventoryManagementSystem", "InventoryManagementSystem\InventoryManagementSystem.csproj", "{8594BA9C-AC00-4623-BB3E-586E478F8D22}"
EndProject
Project("{FAE04EC0-301F-11D3-BF4B-00C04F79EFBC}") = "BEL", "BEL\BEL.csproj", "{863F14D2-EE77-4B17-9B55-01EB1F6522F9}"
EndProject
Project("{FAE04EC0-301F-11D3-BF4B-00C04F79EFBC}") = "BLL", "BLL\BLL.csproj", "{EFA7E5EA-1E67-4249-93B5-6DAF05E2DBBD}"
EndProject
Project("{FAE04EC0-301F-11D3-BF4B-00C04F79EFBC}") = "DAL", "DAL\DAL.csproj", "{C3AA693F-9203-4310-A3C2-32E1E6E5524E}"
EndProject
Global
	GlobalSection(SolutionConfigurationPlatforms) = preSolution
		Debug|Any CPU = Debug|Any CPU
		Release|Any CPU = Release|Any CPU
	EndGlobalSection
	GlobalSection(ProjectConfigurationPlatforms) = postSolution
		{8594BA9C-AC00-4623-BB3E-586E478F8D22}.Debug|Any CPU.ActiveCfg = Debug|Any CPU
		{8594BA9C-AC00-4623-BB3E-586E478F8D22}.Debug|Any CPU.Build.0 = Debug|Any CPU
		{8594BA9C-AC00-4623-BB3E-586E478F8D22}.Release|Any CPU.ActiveCfg = Release|Any CPU
		{8594BA9C-AC00-4623-BB3E-586E478F8D22}.Release|Any CPU.Build.0 = Release|Any CPU
		{863F14D2-EE77-4B17-9B55-01EB1F6522F9}.Debug|Any CPU.ActiveCfg = Debug|Any CPU
		{863F14D2-EE77-4B17-9B55-01EB1F6522F9}.Debug|Any CPU.Build.0 = Debug|Any CPU
		{863F14D2-EE77-4B17-9B55-01EB1F6522F9}.Release|Any CPU.ActiveCfg = Release|Any CPU
		{863F14D2-EE77-4B17-9B55-01EB1F6522F9}.Release|Any CPU.Build.0 = Release|Any CPU
		{EFA7E5EA-1E67-4249-93B5-6DAF05E2DBBD}.Debug|Any CPU.ActiveCfg = Debug|Any CPU
		{EFA7E5EA-1E67-4249-93B5-6DAF05E2DBBD}.Debug|Any CPU.Build.0 = Debug|Any CPU
		{EFA7E5EA-1E67-4249-93B5-6DAF05E2DBBD}.Release|Any CPU.ActiveCfg = Release|Any CPU
		{EFA7E5EA-1E67-4249-93B5-6DAF05E2DBBD}.Release|Any CPU.Build.0 = Release|Any CPU
		{C3AA693F-9203-4310-A3C2-32E1E6E5524E}.Debug|Any CPU.ActiveCfg = Debug|Any CPU
		{C3AA693F-9203-4310-A3C2-32E1E6E5524E}.Debug|Any CPU.Build.0 = Debug|Any CPU
		{C3AA693F-9203-4310-A3C2-32E1E6E5524E}.Release|Any CPU.ActiveCfg = Release|Any CPU
		{C3AA693F-9203-4310-A3C2-32E1E6E5524E}.Release|Any CPU.Build.0 = Release|Any CPU
	EndGlobalSection
	GlobalSection(SolutionProperties) = preSolution
		HideSolutionNode = FALSE
	EndGlobalSection
	GlobalSection(ExtensibilityGlobals) = postSolution
		SolutionGuid = {6F7ACA82-8DF4-46A0-98E4-435E0AA0BD65}
	EndGlobalSection
EndGlobal
